
Microsoft Visual Studio Solution File, Format Version 12.00
Project("{FAE04EC0-301F-11D3-BF4B-00C04F79EFBC}") = "TaskDebouncer", "TaskDebouncer\TaskDebouncer.csproj", "{02E1EECE-3F8B-4A74-A1DC-A0374D509E1D}"
EndProject
Project("{FAE04EC0-301F-11D3-BF4B-00C04F79EFBC}") = "TaskDebouncer.UnitTests", "TaskDebouncer.UnitTests\TaskDebouncer.UnitTests.csproj", "{6A25FC74-1563-42F8-926D-79C507A15785}"
EndProject
Global
	GlobalSection(SolutionConfigurationPlatforms) = preSolution
		Debug|Any CPU = Debug|Any CPU
		Release|Any CPU = Release|Any CPU
	EndGlobalSection
	GlobalSection(ProjectConfigurationPlatforms) = postSolution
		{02E1EECE-3F8B-4A74-A1DC-A0374D509E1D}.Debug|Any CPU.ActiveCfg = Debug|Any CPU
		{02E1EECE-3F8B-4A74-A1DC-A0374D509E1D}.Debug|Any CPU.Build.0 = Debug|Any CPU
		{02E1EECE-3F8B-4A74-A1DC-A0374D509E1D}.Release|Any CPU.ActiveCfg = Release|Any CPU
		{02E1EECE-3F8B-4A74-A1DC-A0374D509E1D}.Release|Any CPU.Build.0 = Release|Any CPU
		{6A25FC74-1563-42F8-926D-79C507A15785}.Debug|Any CPU.ActiveCfg = Debug|Any CPU
		{6A25FC74-1563-42F8-926D-79C507A15785}.Debug|Any CPU.Build.0 = Debug|Any CPU
		{6A25FC74-1563-42F8-926D-79C507A15785}.Release|Any CPU.ActiveCfg = Release|Any CPU
		{6A25FC74-1563-42F8-926D-79C507A15785}.Release|Any CPU.Build.0 = Release|Any CPU
	EndGlobalSection
EndGlobal
